
Microsoft Visual Studio Solution File, Format Version 12.00
# Visual Studio Version 17
VisualStudioVersion = 17.11.35222.181
MinimumVisualStudioVersion = 10.0.40219.1
Project("{8BC9CEB8-8B4A-11D0-8D11-00A0C91BC942}") = "numero uno", "numero uno\numero uno.vcxproj", "{881A109E-E17A-42EC-B956-C86F5426AF91}"
EndProject
Project("{8BC9CEB8-8B4A-11D0-8D11-00A0C91BC942}") = "dos", "dos\dos.vcxproj", "{C1ABBA4A-5CDC-4FCD-A188-846A99E3CB04}"
EndProject
Global
	GlobalSection(SolutionConfigurationPlatforms) = preSolution
		Debug|x64 = Debug|x64
		Debug|x86 = Debug|x86
		Release|x64 = Release|x64
		Release|x86 = Release|x86
	EndGlobalSection
	GlobalSection(ProjectConfigurationPlatforms) = postSolution
		{881A109E-E17A-42EC-B956-C86F5426AF91}.Debug|x64.ActiveCfg = Debug|x64
		{881A109E-E17A-42EC-B956-C86F5426AF91}.Debug|x64.Build.0 = Debug|x64
		{881A109E-E17A-42EC-B956-C86F5426AF91}.Debug|x86.ActiveCfg = Debug|Win32
		{881A109E-E17A-42EC-B956-C86F5426AF91}.Debug|x86.Build.0 = Debug|Win32
		{881A109E-E17A-42EC-B956-C86F5426AF91}.Release|x64.ActiveCfg = Release|x64
		{881A109E-E17A-42EC-B956-C86F5426AF91}.Release|x64.Build.0 = Release|x64
		{881A109E-E17A-42EC-B956-C86F5426AF91}.Release|x86.ActiveCfg = Release|Win32
		{881A109E-E17A-42EC-B956-C86F5426AF91}.Release|x86.Build.0 = Release|Win32
		{C1ABBA4A-5CDC-4FCD-A188-846A99E3CB04}.Debug|x64.ActiveCfg = Debug|x64
		{C1ABBA4A-5CDC-4FCD-A188-846A99E3CB04}.Debug|x64.Build.0 = Debug|x64
		{C1ABBA4A-5CDC-4FCD-A188-846A99E3CB04}.Debug|x86.ActiveCfg = Debug|Win32
		{C1ABBA4A-5CDC-4FCD-A188-846A99E3CB04}.Debug|x86.Build.0 = Debug|Win32
		{C1ABBA4A-5CDC-4FCD-A188-846A99E3CB04}.Release|x64.ActiveCfg = Release|x64
		{C1ABBA4A-5CDC-4FCD-A188-846A99E3CB04}.Release|x64.Build.0 = Release|x64
		{C1ABBA4A-5CDC-4FCD-A188-846A99E3CB04}.Release|x86.ActiveCfg = Release|Win32
		{C1ABBA4A-5CDC-4FCD-A188-846A99E3CB04}.Release|x86.Build.0 = Release|Win32
	EndGlobalSection
	GlobalSection(SolutionProperties) = preSolution
		HideSolutionNode = FALSE
	EndGlobalSection
	GlobalSection(ExtensibilityGlobals) = postSolution
		SolutionGuid = {A6071A96-3230-4C16-AA59-2E1D8316C67B}
	EndGlobalSection
EndGlobal
